
Microsoft Visual Studio Solution File, Format Version 10.00
# Visual Studio 2008
Project("{FAE04EC0-301F-11D3-BF4B-00C04F79EFBC}") = "WordMake", "WordMake.csproj", "{09742290-BAF9-4DCA-97A7-14ECB277697A}"
EndProject
Project("{54435603-DBB4-11D2-8724-00A0C9A8B90C}") = "Setup", "Setup\Setup.vdproj", "{26C2877F-EE52-45A9-9A17-E469A1C3D2C6}"
EndProject
Project("{FAE04EC0-301F-11D3-BF4B-00C04F79EFBC}") = "cshnptest", "..\cshnptest\cshnptest.csproj", "{31E52ED7-BC58-44F3-BA0B-A0C0A99440BE}"
EndProject
Global
	GlobalSection(SolutionConfigurationPlatforms) = preSolution
		Debug|Any CPU = Debug|Any CPU
		Debug|Mixed Platforms = Debug|Mixed Platforms
		Debug|Win32 = Debug|Win32
		Release|Any CPU = Release|Any CPU
		Release|Mixed Platforms = Release|Mixed Platforms
		Release|Win32 = Release|Win32
	EndGlobalSection
	GlobalSection(ProjectConfigurationPlatforms) = postSolution
		{09742290-BAF9-4DCA-97A7-14ECB277697A}.Debug|Any CPU.ActiveCfg = Debug|Any CPU
		{09742290-BAF9-4DCA-97A7-14ECB277697A}.Debug|Any CPU.Build.0 = Debug|Any CPU
		{09742290-BAF9-4DCA-97A7-14ECB277697A}.Debug|Mixed Platforms.ActiveCfg = Debug|Any CPU
		{09742290-BAF9-4DCA-97A7-14ECB277697A}.Debug|Mixed Platforms.Build.0 = Debug|Any CPU
		{09742290-BAF9-4DCA-97A7-14ECB277697A}.Debug|Win32.ActiveCfg = Debug|Any CPU
		{09742290-BAF9-4DCA-97A7-14ECB277697A}.Release|Any CPU.ActiveCfg = Release|Any CPU
		{09742290-BAF9-4DCA-97A7-14ECB277697A}.Release|Any CPU.Build.0 = Release|Any CPU
		{09742290-BAF9-4DCA-97A7-14ECB277697A}.Release|Mixed Platforms.ActiveCfg = Release|Any CPU
		{09742290-BAF9-4DCA-97A7-14ECB277697A}.Release|Mixed Platforms.Build.0 = Release|Any CPU
		{09742290-BAF9-4DCA-97A7-14ECB277697A}.Release|Win32.ActiveCfg = Release|Any CPU
		{26C2877F-EE52-45A9-9A17-E469A1C3D2C6}.Debug|Any CPU.ActiveCfg = Debug
		{26C2877F-EE52-45A9-9A17-E469A1C3D2C6}.Debug|Mixed Platforms.ActiveCfg = Debug
		{26C2877F-EE52-45A9-9A17-E469A1C3D2C6}.Debug|Win32.ActiveCfg = Debug
		{26C2877F-EE52-45A9-9A17-E469A1C3D2C6}.Release|Any CPU.ActiveCfg = Release
		{26C2877F-EE52-45A9-9A17-E469A1C3D2C6}.Release|Mixed Platforms.ActiveCfg = Release
		{26C2877F-EE52-45A9-9A17-E469A1C3D2C6}.Release|Win32.ActiveCfg = Release
		{31E52ED7-BC58-44F3-BA0B-A0C0A99440BE}.Debug|Any CPU.ActiveCfg = Debug|Any CPU
		{31E52ED7-BC58-44F3-BA0B-A0C0A99440BE}.Debug|Any CPU.Build.0 = Debug|Any CPU
		{31E52ED7-BC58-44F3-BA0B-A0C0A99440BE}.Debug|Mixed Platforms.ActiveCfg = Debug|Any CPU
		{31E52ED7-BC58-44F3-BA0B-A0C0A99440BE}.Debug|Mixed Platforms.Build.0 = Debug|Any CPU
		{31E52ED7-BC58-44F3-BA0B-A0C0A99440BE}.Debug|Win32.ActiveCfg = Debug|Any CPU
		{31E52ED7-BC58-44F3-BA0B-A0C0A99440BE}.Release|Any CPU.ActiveCfg = Release|Any CPU
		{31E52ED7-BC58-44F3-BA0B-A0C0A99440BE}.Release|Any CPU.Build.0 = Release|Any CPU
		{31E52ED7-BC58-44F3-BA0B-A0C0A99440BE}.Release|Mixed Platforms.ActiveCfg = Release|Any CPU
		{31E52ED7-BC58-44F3-BA0B-A0C0A99440BE}.Release|Mixed Platforms.Build.0 = Release|Any CPU
		{31E52ED7-BC58-44F3-BA0B-A0C0A99440BE}.Release|Win32.ActiveCfg = Release|Any CPU
	EndGlobalSection
	GlobalSection(SolutionProperties) = preSolution
		HideSolutionNode = FALSE
	EndGlobalSection
EndGlobal
